
Microsoft Visual Studio Solution File, Format Version 12.00
# Visual Studio Version 16
VisualStudioVersion = 16.0.32228.343
MinimumVisualStudioVersion = 10.0.40219.1
Project("{FAE04EC0-301F-11D3-BF4B-00C04F79EFBC}") = "DiceLib29aug", "DiceLib29aug\DiceLib29aug.csproj", "{7061D5A3-AD8A-41A6-B107-B895D5F2F763}"
EndProject
Project("{FAE04EC0-301F-11D3-BF4B-00C04F79EFBC}") = "DiceLib29augTests", "DiceLib29augTests\DiceLib29augTests.csproj", "{E4BC76F4-B058-4C3D-8F51-D7B92D57A3DE}"
EndProject
Global
	GlobalSection(SolutionConfigurationPlatforms) = preSolution
		Debug|Any CPU = Debug|Any CPU
		Release|Any CPU = Release|Any CPU
	EndGlobalSection
	GlobalSection(ProjectConfigurationPlatforms) = postSolution
		{7061D5A3-AD8A-41A6-B107-B895D5F2F763}.Debug|Any CPU.ActiveCfg = Debug|Any CPU
		{7061D5A3-AD8A-41A6-B107-B895D5F2F763}.Debug|Any CPU.Build.0 = Debug|Any CPU
		{7061D5A3-AD8A-41A6-B107-B895D5F2F763}.Release|Any CPU.ActiveCfg = Release|Any CPU
		{7061D5A3-AD8A-41A6-B107-B895D5F2F763}.Release|Any CPU.Build.0 = Release|Any CPU
		{E4BC76F4-B058-4C3D-8F51-D7B92D57A3DE}.Debug|Any CPU.ActiveCfg = Debug|Any CPU
		{E4BC76F4-B058-4C3D-8F51-D7B92D57A3DE}.Debug|Any CPU.Build.0 = Debug|Any CPU
		{E4BC76F4-B058-4C3D-8F51-D7B92D57A3DE}.Release|Any CPU.ActiveCfg = Release|Any CPU
		{E4BC76F4-B058-4C3D-8F51-D7B92D57A3DE}.Release|Any CPU.Build.0 = Release|Any CPU
	EndGlobalSection
	GlobalSection(SolutionProperties) = preSolution
		HideSolutionNode = FALSE
	EndGlobalSection
	GlobalSection(ExtensibilityGlobals) = postSolution
		SolutionGuid = {E7BAB2EE-E452-4761-9342-844E853D4D1C}
	EndGlobalSection
EndGlobal
